
Microsoft Visual Studio Solution File, Format Version 12.00
# Visual Studio Version 17
VisualStudioVersion = 17.4.33403.182
MinimumVisualStudioVersion = 10.0.40219.1
Project("{2150E333-8FDC-42A3-9474-1A3956D46DE8}") = "FrontEnd", "FrontEnd", "{73C2083B-1A86-47D9-94F1-234EFDA8A479}"
EndProject
Project("{9A19103F-16F7-4668-BE54-9A1E7A4F7556}") = "Mango.Web", "Mango.Web\Mango.Web.csproj", "{91C7FEF5-0A3C-4446-885F-BC8ED569DD58}"
EndProject
Project("{2150E333-8FDC-42A3-9474-1A3956D46DE8}") = "Services", "Services", "{51E115AC-5D4D-443C-8CEB-CE6A2CB9B885}"
EndProject
Project("{9A19103F-16F7-4668-BE54-9A1E7A4F7556}") = "Mango.Services.ProductAPI", "Mango.Services.ProductAPI\Mango.Services.ProductAPI.csproj", "{937700A9-465D-4271-9311-41486B112F56}"
EndProject
Project("{9A19103F-16F7-4668-BE54-9A1E7A4F7556}") = "Mango.Services.DuendeIdentityOld", "Mango.Services.DuendeIdentityOld\Mango.Services.DuendeIdentityOld.csproj", "{365F6723-2858-4D8A-B2E0-C3C65C9141F4}"
EndProject
Project("{9A19103F-16F7-4668-BE54-9A1E7A4F7556}") = "Mango.Services.ShoppingCartAPI", "Mango.Services.ShoppingCartAPI\Mango.Services.ShoppingCartAPI.csproj", "{7FA4ACBE-0F22-4AF9-8498-0F1F01337915}"
EndProject
Project("{9A19103F-16F7-4668-BE54-9A1E7A4F7556}") = "Mango.Servises.CouponAPI", "Mango.Servises.CouponAPI\Mango.Servises.CouponAPI.csproj", "{6F0BA03D-85EB-4B9B-A25C-D80E424207D3}"
EndProject
Project("{2150E333-8FDC-42A3-9474-1A3956D46DE8}") = "Common", "Common", "{55EDB818-CCFE-41F0-9EBC-5017F210BAB9}"
EndProject
Project("{9A19103F-16F7-4668-BE54-9A1E7A4F7556}") = "MessageBus", "MessageBus\MessageBus.csproj", "{373B6C2C-B3B9-4D93-8794-F643F4D9B3E9}"
EndProject
Project("{FAE04EC0-301F-11D3-BF4B-00C04F79EFBC}") = "Mango.Services.OrderAPI", "Mango.Services.OrderAPI\Mango.Services.OrderAPI.csproj", "{C306358B-F457-4A4E-A258-F293BA83A037}"
EndProject
Global
	GlobalSection(SolutionConfigurationPlatforms) = preSolution
		Debug|Any CPU = Debug|Any CPU
		Release|Any CPU = Release|Any CPU
	EndGlobalSection
	GlobalSection(ProjectConfigurationPlatforms) = postSolution
		{91C7FEF5-0A3C-4446-885F-BC8ED569DD58}.Debug|Any CPU.ActiveCfg = Debug|Any CPU
		{91C7FEF5-0A3C-4446-885F-BC8ED569DD58}.Debug|Any CPU.Build.0 = Debug|Any CPU
		{91C7FEF5-0A3C-4446-885F-BC8ED569DD58}.Release|Any CPU.ActiveCfg = Release|Any CPU
		{91C7FEF5-0A3C-4446-885F-BC8ED569DD58}.Release|Any CPU.Build.0 = Release|Any CPU
		{937700A9-465D-4271-9311-41486B112F56}.Debug|Any CPU.ActiveCfg = Debug|Any CPU
		{937700A9-465D-4271-9311-41486B112F56}.Debug|Any CPU.Build.0 = Debug|Any CPU
		{937700A9-465D-4271-9311-41486B112F56}.Release|Any CPU.ActiveCfg = Release|Any CPU
		{937700A9-465D-4271-9311-41486B112F56}.Release|Any CPU.Build.0 = Release|Any CPU
		{365F6723-2858-4D8A-B2E0-C3C65C9141F4}.Debug|Any CPU.ActiveCfg = Debug|Any CPU
		{365F6723-2858-4D8A-B2E0-C3C65C9141F4}.Debug|Any CPU.Build.0 = Debug|Any CPU
		{365F6723-2858-4D8A-B2E0-C3C65C9141F4}.Release|Any CPU.ActiveCfg = Release|Any CPU
		{365F6723-2858-4D8A-B2E0-C3C65C9141F4}.Release|Any CPU.Build.0 = Release|Any CPU
		{7FA4ACBE-0F22-4AF9-8498-0F1F01337915}.Debug|Any CPU.ActiveCfg = Debug|Any CPU
		{7FA4ACBE-0F22-4AF9-8498-0F1F01337915}.Debug|Any CPU.Build.0 = Debug|Any CPU
		{7FA4ACBE-0F22-4AF9-8498-0F1F01337915}.Release|Any CPU.ActiveCfg = Release|Any CPU
		{7FA4ACBE-0F22-4AF9-8498-0F1F01337915}.Release|Any CPU.Build.0 = Release|Any CPU
		{6F0BA03D-85EB-4B9B-A25C-D80E424207D3}.Debug|Any CPU.ActiveCfg = Debug|Any CPU
		{6F0BA03D-85EB-4B9B-A25C-D80E424207D3}.Debug|Any CPU.Build.0 = Debug|Any CPU
		{6F0BA03D-85EB-4B9B-A25C-D80E424207D3}.Release|Any CPU.ActiveCfg = Release|Any CPU
		{6F0BA03D-85EB-4B9B-A25C-D80E424207D3}.Release|Any CPU.Build.0 = Release|Any CPU
		{373B6C2C-B3B9-4D93-8794-F643F4D9B3E9}.Debug|Any CPU.ActiveCfg = Debug|Any CPU
		{373B6C2C-B3B9-4D93-8794-F643F4D9B3E9}.Debug|Any CPU.Build.0 = Debug|Any CPU
		{373B6C2C-B3B9-4D93-8794-F643F4D9B3E9}.Release|Any CPU.ActiveCfg = Release|Any CPU
		{373B6C2C-B3B9-4D93-8794-F643F4D9B3E9}.Release|Any CPU.Build.0 = Release|Any CPU
		{C306358B-F457-4A4E-A258-F293BA83A037}.Debug|Any CPU.ActiveCfg = Debug|Any CPU
		{C306358B-F457-4A4E-A258-F293BA83A037}.Debug|Any CPU.Build.0 = Debug|Any CPU
		{C306358B-F457-4A4E-A258-F293BA83A037}.Release|Any CPU.ActiveCfg = Release|Any CPU
		{C306358B-F457-4A4E-A258-F293BA83A037}.Release|Any CPU.Build.0 = Release|Any CPU
	EndGlobalSection
	GlobalSection(SolutionProperties) = preSolution
		HideSolutionNode = FALSE
	EndGlobalSection
	GlobalSection(NestedProjects) = preSolution
		{91C7FEF5-0A3C-4446-885F-BC8ED569DD58} = {73C2083B-1A86-47D9-94F1-234EFDA8A479}
		{937700A9-465D-4271-9311-41486B112F56} = {51E115AC-5D4D-443C-8CEB-CE6A2CB9B885}
		{365F6723-2858-4D8A-B2E0-C3C65C9141F4} = {51E115AC-5D4D-443C-8CEB-CE6A2CB9B885}
		{7FA4ACBE-0F22-4AF9-8498-0F1F01337915} = {51E115AC-5D4D-443C-8CEB-CE6A2CB9B885}
		{6F0BA03D-85EB-4B9B-A25C-D80E424207D3} = {51E115AC-5D4D-443C-8CEB-CE6A2CB9B885}
		{373B6C2C-B3B9-4D93-8794-F643F4D9B3E9} = {55EDB818-CCFE-41F0-9EBC-5017F210BAB9}
		{C306358B-F457-4A4E-A258-F293BA83A037} = {51E115AC-5D4D-443C-8CEB-CE6A2CB9B885}
	EndGlobalSection
	GlobalSection(ExtensibilityGlobals) = postSolution
		SolutionGuid = {6E6CBEBF-04C6-475F-81EC-D22AD55BB045}
	EndGlobalSection
EndGlobal
